
Microsoft Visual Studio Solution File, Format Version 12.00
# Visual Studio Version 16
VisualStudioVersion = 16.0.34407.143
MinimumVisualStudioVersion = 10.0.40219.1
Project("{F184B08F-C81C-45F6-A57F-5ABD9991F28F}") = "DFT_EDI_Report_14", "DFT_EDI_Report_14.vbproj", "{74C913C2-79B8-4A36-9241-F6FC960ABE09}"
EndProject
Global
	GlobalSection(SolutionConfigurationPlatforms) = preSolution
		Debug|Any CPU = Debug|Any CPU
		Release|Any CPU = Release|Any CPU
	EndGlobalSection
	GlobalSection(ProjectConfigurationPlatforms) = postSolution
		{74C913C2-79B8-4A36-9241-F6FC960ABE09}.Debug|Any CPU.ActiveCfg = Debug|Any CPU
		{74C913C2-79B8-4A36-9241-F6FC960ABE09}.Debug|Any CPU.Build.0 = Debug|Any CPU
		{74C913C2-79B8-4A36-9241-F6FC960ABE09}.Release|Any CPU.ActiveCfg = Release|Any CPU
		{74C913C2-79B8-4A36-9241-F6FC960ABE09}.Release|Any CPU.Build.0 = Release|Any CPU
	EndGlobalSection
	GlobalSection(SolutionProperties) = preSolution
		HideSolutionNode = FALSE
	EndGlobalSection
	GlobalSection(ExtensibilityGlobals) = postSolution
		SolutionGuid = {605C0BEC-06E6-4D37-A6AC-11C17368ACA4}
	EndGlobalSection
EndGlobal
