
Microsoft Visual Studio Solution File, Format Version 10.00
# Visual Studio 2008
Project("{00000000-0000-0000-0000-000000000000}") = "DFT_EDI_Report_14", "DFT_EDI_Report_14.vbproj", "{74C913C2-79B8-4A36-9241-F6FC960ABE09}"
EndProject
Global
	GlobalSection(SolutionConfigurationPlatforms) = preSolution
		Debug|Any CPU = Debug|Any CPU
		Release|Any CPU = Release|Any CPU
	EndGlobalSection
	GlobalSection(ProjectConfigurationPlatforms) = postSolution
		{74C913C2-79B8-4A36-9241-F6FC960ABE09}.Debug|Any CPU.ActiveCfg = Debug|Any CPU
		{74C913C2-79B8-4A36-9241-F6FC960ABE09}.Debug|Any CPU.Build.0 = Debug|Any CPU
		{74C913C2-79B8-4A36-9241-F6FC960ABE09}.Release|Any CPU.ActiveCfg = Release|Any CPU
		{74C913C2-79B8-4A36-9241-F6FC960ABE09}.Release|Any CPU.Build.0 = Release|Any CPU
	EndGlobalSection
	GlobalSection(SolutionProperties) = preSolution
		HideSolutionNode = FALSE
	EndGlobalSection
EndGlobal
