
Microsoft Visual Studio Solution File, Format Version 9.00
# Visual Studio 2005
Project("{F184B08F-C81C-45F6-A57F-5ABD9991F28F}") = "DFT_EDI_ResetForm", "DFT_EDI_ResetForm.vbproj", "{EC63F927-F90B-42BB-AAD5-202B257E5DF2}"
	ProjectSection(WebsiteProperties) = preProject
		Debug.AspNetCompiler.Debug = "True"
		Release.AspNetCompiler.Debug = "False"
	EndProjectSection
EndProject
Global
	GlobalSection(SolutionConfigurationPlatforms) = preSolution
		Debug|Any CPU = Debug|Any CPU
		Release|Any CPU = Release|Any CPU
	EndGlobalSection
	GlobalSection(ProjectConfigurationPlatforms) = postSolution
		{EC63F927-F90B-42BB-AAD5-202B257E5DF2}.Debug|Any CPU.ActiveCfg = Debug|Any CPU
		{EC63F927-F90B-42BB-AAD5-202B257E5DF2}.Debug|Any CPU.Build.0 = Debug|Any CPU
		{EC63F927-F90B-42BB-AAD5-202B257E5DF2}.Release|Any CPU.ActiveCfg = Release|Any CPU
		{EC63F927-F90B-42BB-AAD5-202B257E5DF2}.Release|Any CPU.Build.0 = Release|Any CPU
	EndGlobalSection
	GlobalSection(SolutionProperties) = preSolution
		HideSolutionNode = FALSE
	EndGlobalSection
EndGlobal
