
Microsoft Visual Studio Solution File, Format Version 12.00
# Visual Studio 15
VisualStudioVersion = 15.0.34112.143
MinimumVisualStudioVersion = 10.0.40219.1
Project("{F184B08F-C81C-45F6-A57F-5ABD9991F28F}") = "DFT_EDI_ListSendFormDS2", "DFT_EDI_ListSendFormDS2.vbproj", "{65B11FA8-2A98-4528-8AF6-5918BE513621}"
EndProject
Global
	GlobalSection(SolutionConfigurationPlatforms) = preSolution
		Debug|Any CPU = Debug|Any CPU
		Release|Any CPU = Release|Any CPU
	EndGlobalSection
	GlobalSection(ProjectConfigurationPlatforms) = postSolution
		{65B11FA8-2A98-4528-8AF6-5918BE513621}.Debug|Any CPU.ActiveCfg = Debug|Any CPU
		{65B11FA8-2A98-4528-8AF6-5918BE513621}.Debug|Any CPU.Build.0 = Debug|Any CPU
		{65B11FA8-2A98-4528-8AF6-5918BE513621}.Release|Any CPU.ActiveCfg = Release|Any CPU
		{65B11FA8-2A98-4528-8AF6-5918BE513621}.Release|Any CPU.Build.0 = Release|Any CPU
	EndGlobalSection
	GlobalSection(SolutionProperties) = preSolution
		HideSolutionNode = FALSE
	EndGlobalSection
	GlobalSection(ExtensibilityGlobals) = postSolution
		SolutionGuid = {3D253CCF-F7F7-4325-97D8-85ABBA682954}
	EndGlobalSection
EndGlobal
