
Microsoft Visual Studio Solution File, Format Version 9.00
# Visual Studio 2005
Project("{F184B08F-C81C-45F6-A57F-5ABD9991F28F}") = "DFT_EDI_Report_02", "DFT_EDI_Report_02.vbproj", "{1C72FBA7-D8D8-455E-A649-5CC27B86DEA5}"
	ProjectSection(WebsiteProperties) = preProject
		Debug.AspNetCompiler.Debug = "True"
		Release.AspNetCompiler.Debug = "False"
	EndProjectSection
EndProject
Global
	GlobalSection(SolutionConfigurationPlatforms) = preSolution
		Debug|Any CPU = Debug|Any CPU
		Release|Any CPU = Release|Any CPU
	EndGlobalSection
	GlobalSection(ProjectConfigurationPlatforms) = postSolution
		{1C72FBA7-D8D8-455E-A649-5CC27B86DEA5}.Debug|Any CPU.ActiveCfg = Debug|Any CPU
		{1C72FBA7-D8D8-455E-A649-5CC27B86DEA5}.Debug|Any CPU.Build.0 = Debug|Any CPU
		{1C72FBA7-D8D8-455E-A649-5CC27B86DEA5}.Release|Any CPU.ActiveCfg = Release|Any CPU
		{1C72FBA7-D8D8-455E-A649-5CC27B86DEA5}.Release|Any CPU.Build.0 = Release|Any CPU
	EndGlobalSection
	GlobalSection(SolutionProperties) = preSolution
		HideSolutionNode = FALSE
	EndGlobalSection
EndGlobal
