
Microsoft Visual Studio Solution File, Format Version 12.00
# Visual Studio 14
VisualStudioVersion = 14.0.25420.1
MinimumVisualStudioVersion = 10.0.40219.1
Project("{F184B08F-C81C-45F6-A57F-5ABD9991F28F}") = "DFT_EDI_CheckAttachment", "DFT_EDI_CheckAttachment.vbproj", "{8A04218F-D0EB-420F-9D91-63A9851450A8}"
EndProject
Project("{F184B08F-C81C-45F6-A57F-5ABD9991F28F}") = "DFT_EDI_RePrintCERT", "..\DFT_EDI_RePrintCERT\DFT_EDI_RePrintCERT.vbproj", "{4A9FF92B-E256-4BB9-AC30-80E825730379}"
EndProject
Project("{F184B08F-C81C-45F6-A57F-5ABD9991F28F}") = "DFT_EDI_PrintCertificate", "..\DFT_EDI_PrintCertificate\DFT_EDI_PrintCertificate.vbproj", "{5D5B2D87-7B14-424D-8F9D-3ECD48C98B22}"
EndProject
Project("{F184B08F-C81C-45F6-A57F-5ABD9991F28F}") = "DFT_EDI_PrintRequestAttachDS2", "..\DFT_EDI_PrintRequestAttachDS2\DFT_EDI_PrintRequestAttachDS2.vbproj", "{087209B4-3B94-4F4B-AC11-15875E9A8D24}"
EndProject
Global
	GlobalSection(SolutionConfigurationPlatforms) = preSolution
		Debug|Any CPU = Debug|Any CPU
		Release|Any CPU = Release|Any CPU
	EndGlobalSection
	GlobalSection(ProjectConfigurationPlatforms) = postSolution
		{8A04218F-D0EB-420F-9D91-63A9851450A8}.Debug|Any CPU.ActiveCfg = Debug|Any CPU
		{8A04218F-D0EB-420F-9D91-63A9851450A8}.Debug|Any CPU.Build.0 = Debug|Any CPU
		{8A04218F-D0EB-420F-9D91-63A9851450A8}.Release|Any CPU.ActiveCfg = Release|Any CPU
		{8A04218F-D0EB-420F-9D91-63A9851450A8}.Release|Any CPU.Build.0 = Release|Any CPU
		{4A9FF92B-E256-4BB9-AC30-80E825730379}.Debug|Any CPU.ActiveCfg = Debug|Any CPU
		{4A9FF92B-E256-4BB9-AC30-80E825730379}.Debug|Any CPU.Build.0 = Debug|Any CPU
		{4A9FF92B-E256-4BB9-AC30-80E825730379}.Release|Any CPU.ActiveCfg = Release|Any CPU
		{4A9FF92B-E256-4BB9-AC30-80E825730379}.Release|Any CPU.Build.0 = Release|Any CPU
		{5D5B2D87-7B14-424D-8F9D-3ECD48C98B22}.Debug|Any CPU.ActiveCfg = Debug|Any CPU
		{5D5B2D87-7B14-424D-8F9D-3ECD48C98B22}.Debug|Any CPU.Build.0 = Debug|Any CPU
		{5D5B2D87-7B14-424D-8F9D-3ECD48C98B22}.Release|Any CPU.ActiveCfg = Release|Any CPU
		{5D5B2D87-7B14-424D-8F9D-3ECD48C98B22}.Release|Any CPU.Build.0 = Release|Any CPU
		{087209B4-3B94-4F4B-AC11-15875E9A8D24}.Debug|Any CPU.ActiveCfg = Debug|Any CPU
		{087209B4-3B94-4F4B-AC11-15875E9A8D24}.Debug|Any CPU.Build.0 = Debug|Any CPU
		{087209B4-3B94-4F4B-AC11-15875E9A8D24}.Release|Any CPU.ActiveCfg = Release|Any CPU
		{087209B4-3B94-4F4B-AC11-15875E9A8D24}.Release|Any CPU.Build.0 = Release|Any CPU
	EndGlobalSection
	GlobalSection(SolutionProperties) = preSolution
		HideSolutionNode = FALSE
	EndGlobalSection
	GlobalSection(ExtensibilityGlobals) = postSolution
		SolutionGuid = {FE5A5CBA-AF9F-41DC-ACA9-A23407358389}
	EndGlobalSection
EndGlobal
