
Microsoft Visual Studio Solution File, Format Version 9.00
# Visual Studio 2005
Project("{F184B08F-C81C-45F6-A57F-5ABD9991F28F}") = "DFT_ReportEDIByCountryForm", "DFT_ReportEDIByCountryForm.vbproj", "{63605FB5-BADE-4D7B-8B66-A1519010D232}"
	ProjectSection(WebsiteProperties) = preProject
		Debug.AspNetCompiler.Debug = "True"
		Release.AspNetCompiler.Debug = "False"
	EndProjectSection
EndProject
Global
	GlobalSection(SolutionConfigurationPlatforms) = preSolution
		Debug|Any CPU = Debug|Any CPU
		Release|Any CPU = Release|Any CPU
	EndGlobalSection
	GlobalSection(ProjectConfigurationPlatforms) = postSolution
		{63605FB5-BADE-4D7B-8B66-A1519010D232}.Debug|Any CPU.ActiveCfg = Debug|Any CPU
		{63605FB5-BADE-4D7B-8B66-A1519010D232}.Debug|Any CPU.Build.0 = Debug|Any CPU
		{63605FB5-BADE-4D7B-8B66-A1519010D232}.Release|Any CPU.ActiveCfg = Release|Any CPU
		{63605FB5-BADE-4D7B-8B66-A1519010D232}.Release|Any CPU.Build.0 = Release|Any CPU
	EndGlobalSection
	GlobalSection(SolutionProperties) = preSolution
		HideSolutionNode = FALSE
	EndGlobalSection
EndGlobal
